{
    "_meta": {
        "hash": {
            "sha256": "1c6953b2656be0cca18d3a77544ae09f22a1bf7c57849d8b6da745960e10fdca"
        },
        "pipfile-spec": 6,
        "requires": {
            "python_version": "3.7"
        },
        "sources": [
            {
                "name": "pypi",
                "url": "https://pypi.org/simple",
                "verify_ssl": true
            }
        ]
    },
    "default": {
        "attrs": {
            "hashes": [
                "sha256:31b2eced602aa8423c2aea9c76a724617ed67cf9513173fd3a4f03e3a929c7e6",
                "sha256:832aa3cde19744e49938b91fea06d69ecb9e649c93ba974535d08ad92164f700"
            ],
            "markers": "python_version >= '2.7' and python_version not in '3.0, 3.1, 3.2, 3.3'",
            "version": "==20.3.0"
        },
        "cattrs": {
            "hashes": [
                "sha256:41398d3cbdda64707a9947c3ffac35116dc8ab5307c2962c02cdd01c96097149",
                "sha256:cd7579ef6ed80993bdd0e24a806493c48576caebd47b7b6ec2cd3cfd0b9a5f72"
            ],
            "markers": "python_version >= '3.7'",
            "version": "==1.1.1"
        },
        "cdk8s": {
            "hashes": [
                "sha256:9283499c6e2e72a0cc678bb9a0b448e668fb563d4ac3f48fbf1e31ccc44f1a58",
                "sha256:b053738aea41d53576f7e4d5aa1869762525b631d5e580afda7e9fb276de9b96"
            ],
            "index": "pypi",
            "version": "==0.33.0"
        },
        "constructs": {
            "hashes": [
                "sha256:9740f25c67d19f3c710c85f298ebfd1d109f9fd54d0ec0b869a87b4c1554da3e",
                "sha256:edb1a78e8780f24046f8945a6f0101406f5b2106f9d93d833e61ca34dc8b980d"
            ],
            "index": "pypi",
            "version": "==3.0.4"
        },
        "jsii": {
            "hashes": [
                "sha256:580e4fd38740b8a0c520db46f60c3e78aef6a6d01687c7ab8c28bfb74992310a",
                "sha256:f69086667a8b4fff586d9c0f26870260bf0f5a6ffcd379c7beb435c61a96a02e"
            ],
            "markers": "python_version ~= '3.6'",
            "version": "==1.14.1"
        },
        "publication": {
            "hashes": [
                "sha256:0248885351febc11d8a1098d5c8e3ab2dabcf3e8c0c96db1e17ecd12b53afbe6",
                "sha256:68416a0de76dddcdd2930d1c8ef853a743cc96c82416c4e4d3b5d901c6276dc4"
            ],
            "version": "==0.0.3"
        },
        "python-dateutil": {
            "hashes": [
                "sha256:73ebfe9dbf22e832286dafa60473e4cd239f8592f699aa5adaf10050e6e1823c",
                "sha256:75bb3f31ea686f1197762692a9ee6a7550b59fc6ca3a1f4b5d7e32fb98e2da2a"
            ],
            "markers": "python_version >= '2.7' and python_version not in '3.0, 3.1, 3.2, 3.3'",
            "version": "==2.8.1"
        },
        "six": {
            "hashes": [
                "sha256:30639c035cdb23534cd4aa2dd52c3bf48f06e5f4a941509c8bafd8ce11080259",
                "sha256:8b74bedcbbbaca38ff6d7491d76f2b06b3592611af620f8426e82dddb04a5ced"
            ],
            "markers": "python_version >= '2.7' and python_version not in '3.0, 3.1, 3.2, 3.3'",
            "version": "==1.15.0"
        },
        "typing-extensions": {
            "hashes": [
                "sha256:7cb407020f00f7bfc3cb3e7881628838e69d8f3fcab2f64742a5e76b2f841918",
                "sha256:99d4073b617d30288f569d3f13d2bd7548c3a7e4c8de87db09a9d29bb3a4a60c",
                "sha256:dafc7639cde7f1b6e1acc0f457842a83e722ccca8eef5270af2d74792619a89f"
            ],
            "version": "==3.7.4.3"
        }
    },
    "develop": {}
}
